
Microsoft Visual Studio Solution File, Format Version 12.00
# Visual Studio Version 16
VisualStudioVersion = 16.0.30803.129
MinimumVisualStudioVersion = 10.0.40219.1
Project("{FAE04EC0-301F-11D3-BF4B-00C04F79EFBC}") = "DivisibleWebApi", "DivisibleWebApi.csproj", "{60BCA8DB-1E4F-4F1E-B92B-DA7AABF3874A}"
EndProject
Global
	GlobalSection(SolutionConfigurationPlatforms) = preSolution
		Debug|Any CPU = Debug|Any CPU
		Release|Any CPU = Release|Any CPU
	EndGlobalSection
	GlobalSection(ProjectConfigurationPlatforms) = postSolution
		{60BCA8DB-1E4F-4F1E-B92B-DA7AABF3874A}.Debug|Any CPU.ActiveCfg = Debug|Any CPU
		{60BCA8DB-1E4F-4F1E-B92B-DA7AABF3874A}.Debug|Any CPU.Build.0 = Debug|Any CPU
		{60BCA8DB-1E4F-4F1E-B92B-DA7AABF3874A}.Release|Any CPU.ActiveCfg = Release|Any CPU
		{60BCA8DB-1E4F-4F1E-B92B-DA7AABF3874A}.Release|Any CPU.Build.0 = Release|Any CPU
	EndGlobalSection
	GlobalSection(SolutionProperties) = preSolution
		HideSolutionNode = FALSE
	EndGlobalSection
	GlobalSection(ExtensibilityGlobals) = postSolution
		SolutionGuid = {01DE32F9-5C2A-4622-8B48-740DACBC1244}
	EndGlobalSection
EndGlobal
